
Microsoft Visual Studio Solution File, Format Version 12.00
# Visual Studio Version 16
VisualStudioVersion = 16.0.29911.84
MinimumVisualStudioVersion = 10.0.40219.1
Project("{FAE04EC0-301F-11D3-BF4B-00C04F79EFBC}") = "VideoLoadRemover", "VideoLoadRemover.csproj", "{0987E2D3-1C58-46DF-A287-CBA0CA28EDB1}"
EndProject
Global
	GlobalSection(SolutionConfigurationPlatforms) = preSolution
		Debug|Any CPU = Debug|Any CPU
		Release|Any CPU = Release|Any CPU
	EndGlobalSection
	GlobalSection(ProjectConfigurationPlatforms) = postSolution
		{0987E2D3-1C58-46DF-A287-CBA0CA28EDB1}.Debug|Any CPU.ActiveCfg = Debug|Any CPU
		{0987E2D3-1C58-46DF-A287-CBA0CA28EDB1}.Debug|Any CPU.Build.0 = Debug|Any CPU
		{0987E2D3-1C58-46DF-A287-CBA0CA28EDB1}.Release|Any CPU.ActiveCfg = Release|Any CPU
		{0987E2D3-1C58-46DF-A287-CBA0CA28EDB1}.Release|Any CPU.Build.0 = Release|Any CPU
	EndGlobalSection
	GlobalSection(SolutionProperties) = preSolution
		HideSolutionNode = FALSE
	EndGlobalSection
	GlobalSection(ExtensibilityGlobals) = postSolution
		SolutionGuid = {FAA624F7-FE9D-4215-B6CF-8925A8374DD4}
	EndGlobalSection
EndGlobal
